Microsoft Visual Studio Solution File, Format Version 12.00
# Visual Studio Version 17
VisualStudioVersion = 17.0.31903.59
MinimumVisualStudioVersion = 10.0.40219.1
Project("{FAE04EC0-301F-11D3-BF4B-00C04F79EFBC}") = "Telemetry", "Telemetry.csproj", "{46BD75D9-1426-49C0-B93B-3CD18813E03F}"
EndProject
Project("{FAE04EC0-301F-11D3-BF4B-00C04F79EFBC}") = "Telemetry.ServerTests", "Telemetry.ServerTests\Telemetry.ServerTests.csproj", "{08E5EBB2-4BBF-4869-A09E-4BDF6E1800CE}"
EndProject
Global
	GlobalSection(SolutionConfigurationPlatforms) = preSolution
		Debug|Any CPU = Debug|Any CPU
		Release|Any CPU = Release|Any CPU
	EndGlobalSection
	GlobalSection(ProjectConfigurationPlatforms) = postSolution
		{46BD75D9-1426-49C0-B93B-3CD18813E03F}.Debug|Any CPU.ActiveCfg = Debug|Any CPU
		{46BD75D9-1426-49C0-B93B-3CD18813E03F}.Debug|Any CPU.Build.0 = Debug|Any CPU
		{46BD75D9-1426-49C0-B93B-3CD18813E03F}.Release|Any CPU.ActiveCfg = Release|Any CPU
		{46BD75D9-1426-49C0-B93B-3CD18813E03F}.Release|Any CPU.Build.0 = Release|Any CPU
		{08E5EBB2-4BBF-4869-A09E-4BDF6E1800CE}.Debug|Any CPU.ActiveCfg = Debug|Any CPU
		{08E5EBB2-4BBF-4869-A09E-4BDF6E1800CE}.Debug|Any CPU.Build.0 = Debug|Any CPU
		{08E5EBB2-4BBF-4869-A09E-4BDF6E1800CE}.Release|Any CPU.ActiveCfg = Release|Any CPU
	EndGlobalSection
EndGlobal
